
Microsoft Visual Studio Solution File, Format Version 12.00
# Visual Studio 15
VisualStudioVersion = 15.0.27703.2042
MinimumVisualStudioVersion = 10.0.40219.1
Project("{FAE04EC0-301F-11D3-BF4B-00C04F79EFBC}") = "lands.Android", "lands\lands.Android\lands.Android.csproj", "{D1282EE7-052F-46B7-A50E-25C809E4CA5C}"
EndProject
Project("{FAE04EC0-301F-11D3-BF4B-00C04F79EFBC}") = "lands.iOS", "lands\lands.iOS\lands.iOS.csproj", "{B415792B-B46D-4571-B311-4B63531EC2F5}"
EndProject
Project("{9A19103F-16F7-4668-BE54-9A1E7A4F7556}") = "lands", "lands\lands\lands.csproj", "{C5C4FB56-8130-449D-BDB7-51542500B314}"
EndProject
Project("{FAE04EC0-301F-11D3-BF4B-00C04F79EFBC}") = "lands.Domain", "lands.Domain\lands.Domain.csproj", "{E0F538FB-54A6-442A-AB93-345B18D6D9A8}"
EndProject
Project("{FAE04EC0-301F-11D3-BF4B-00C04F79EFBC}") = "lands.Backend", "lands.Backend\lands.Backend.csproj", "{47F2C3E1-9403-45ED-AF48-07AFBD379046}"
EndProject
Project("{FAE04EC0-301F-11D3-BF4B-00C04F79EFBC}") = "lands.API", "lands.API\lands.API.csproj", "{5EFC44E0-2C9D-4AC8-9912-E4A91B410E9D}"
EndProject
Global
	GlobalSection(SolutionConfigurationPlatforms) = preSolution
		Ad-Hoc|Any CPU = Ad-Hoc|Any CPU
		Ad-Hoc|iPhone = Ad-Hoc|iPhone
		Ad-Hoc|iPhoneSimulator = Ad-Hoc|iPhoneSimulator
		AppStore|Any CPU = AppStore|Any CPU
		AppStore|iPhone = AppStore|iPhone
		AppStore|iPhoneSimulator = AppStore|iPhoneSimulator
		Debug|Any CPU = Debug|Any CPU
		Debug|iPhone = Debug|iPhone
		Debug|iPhoneSimulator = Debug|iPhoneSimulator
		Release|Any CPU = Release|Any CPU
		Release|iPhone = Release|iPhone
		Release|iPhoneSimulator = Release|iPhoneSimulator
	EndGlobalSection
	GlobalSection(ProjectConfigurationPlatforms) = postSolution
		{D1282EE7-052F-46B7-A50E-25C809E4CA5C}.Ad-Hoc|Any CPU.ActiveCfg = Release|Any CPU
		{D1282EE7-052F-46B7-A50E-25C809E4CA5C}.Ad-Hoc|Any CPU.Build.0 = Release|Any CPU
		{D1282EE7-052F-46B7-A50E-25C809E4CA5C}.Ad-Hoc|Any CPU.Deploy.0 = Release|Any CPU
		{D1282EE7-052F-46B7-A50E-25C809E4CA5C}.Ad-Hoc|iPhone.ActiveCfg = Release|Any CPU
		{D1282EE7-052F-46B7-A50E-25C809E4CA5C}.Ad-Hoc|iPhone.Build.0 = Release|Any CPU
		{D1282EE7-052F-46B7-A50E-25C809E4CA5C}.Ad-Hoc|iPhone.Deploy.0 = Release|Any CPU
		{D1282EE7-052F-46B7-A50E-25C809E4CA5C}.Ad-Hoc|iPhoneSimulator.ActiveCfg = Release|Any CPU
		{D1282EE7-052F-46B7-A50E-25C809E4CA5C}.Ad-Hoc|iPhoneSimulator.Build.0 = Release|Any CPU
		{D1282EE7-052F-46B7-A50E-25C809E4CA5C}.Ad-Hoc|iPhoneSimulator.Deploy.0 = Release|Any CPU
		{D1282EE7-052F-46B7-A50E-25C809E4CA5C}.AppStore|Any CPU.ActiveCfg = Release|Any CPU
		{D1282EE7-052F-46B7-A50E-25C809E4CA5C}.AppStore|Any CPU.Build.0 = Release|Any CPU
		{D1282EE7-052F-46B7-A50E-25C809E4CA5C}.AppStore|Any CPU.Deploy.0 = Release|Any CPU
		{D1282EE7-052F-46B7-A50E-25C809E4CA5C}.AppStore|iPhone.ActiveCfg = Release|Any CPU
		{D1282EE7-052F-46B7-A50E-25C809E4CA5C}.AppStore|iPhone.Build.0 = Release|Any CPU
		{D1282EE7-052F-46B7-A50E-25C809E4CA5C}.AppStore|iPhone.Deploy.0 = Release|Any CPU
		{D1282EE7-052F-46B7-A50E-25C809E4CA5C}.AppStore|iPhoneSimulator.ActiveCfg = Release|Any CPU
		{D1282EE7-052F-46B7-A50E-25C809E4CA5C}.AppStore|iPhoneSimulator.Build.0 = Release|Any CPU
		{D1282EE7-052F-46B7-A50E-25C809E4CA5C}.AppStore|iPhoneSimulator.Deploy.0 = Release|Any CPU
		{D1282EE7-052F-46B7-A50E-25C809E4CA5C}.Debug|Any CPU.ActiveCfg = Debug|Any CPU
		{D1282EE7-052F-46B7-A50E-25C809E4CA5C}.Debug|Any CPU.Build.0 = Debug|Any CPU
		{D1282EE7-052F-46B7-A50E-25C809E4CA5C}.Debug|Any CPU.Deploy.0 = Debug|Any CPU
		{D1282EE7-052F-46B7-A50E-25C809E4CA5C}.Debug|iPhone.ActiveCfg = Debug|Any CPU
		{D1282EE7-052F-46B7-A50E-25C809E4CA5C}.Debug|iPhone.Build.0 = Debug|Any CPU
		{D1282EE7-052F-46B7-A50E-25C809E4CA5C}.Debug|iPhone.Deploy.0 = Debug|Any CPU
		{D1282EE7-052F-46B7-A50E-25C809E4CA5C}.Debug|iPhoneSimulator.ActiveCfg = Debug|Any CPU
		{D1282EE7-052F-46B7-A50E-25C809E4CA5C}.Debug|iPhoneSimulator.Build.0 = Debug|Any CPU
		{D1282EE7-052F-46B7-A50E-25C809E4CA5C}.Debug|iPhoneSimulator.Deploy.0 = Debug|Any CPU
		{D1282EE7-052F-46B7-A50E-25C809E4CA5C}.Release|Any CPU.ActiveCfg = Release|Any CPU
		{D1282EE7-052F-46B7-A50E-25C809E4CA5C}.Release|Any CPU.Build.0 = Release|Any CPU
		{D1282EE7-052F-46B7-A50E-25C809E4CA5C}.Release|Any CPU.Deploy.0 = Release|Any CPU
		{D1282EE7-052F-46B7-A50E-25C809E4CA5C}.Release|iPhone.ActiveCfg = Release|Any CPU
		{D1282EE7-052F-46B7-A50E-25C809E4CA5C}.Release|iPhone.Build.0 = Release|Any CPU
		{D1282EE7-052F-46B7-A50E-25C809E4CA5C}.Release|iPhone.Deploy.0 = Release|Any CPU
		{D1282EE7-052F-46B7-A50E-25C809E4CA5C}.Release|iPhoneSimulator.ActiveCfg = Release|Any CPU
		{D1282EE7-052F-46B7-A50E-25C809E4CA5C}.Release|iPhoneSimulator.Build.0 = Release|Any CPU
		{D1282EE7-052F-46B7-A50E-25C809E4CA5C}.Release|iPhoneSimulator.Deploy.0 = Release|Any CPU
		{B415792B-B46D-4571-B311-4B63531EC2F5}.Ad-Hoc|Any CPU.ActiveCfg = Ad-Hoc|iPhone
		{B415792B-B46D-4571-B311-4B63531EC2F5}.Ad-Hoc|Any CPU.Build.0 = Ad-Hoc|iPhone
		{B415792B-B46D-4571-B311-4B63531EC2F5}.Ad-Hoc|Any CPU.Deploy.0 = Ad-Hoc|iPhone
		{B415792B-B46D-4571-B311-4B63531EC2F5}.Ad-Hoc|iPhone.ActiveCfg = Ad-Hoc|iPhone
		{B415792B-B46D-4571-B311-4B63531EC2F5}.Ad-Hoc|iPhone.Build.0 = Ad-Hoc|iPhone
		{B415792B-B46D-4571-B311-4B63531EC2F5}.Ad-Hoc|iPhone.Deploy.0 = Ad-Hoc|iPhone
		{B415792B-B46D-4571-B311-4B63531EC2F5}.Ad-Hoc|iPhoneSimulator.ActiveCfg = Ad-Hoc|iPhoneSimulator
		{B415792B-B46D-4571-B311-4B63531EC2F5}.Ad-Hoc|iPhoneSimulator.Build.0 = Ad-Hoc|iPhoneSimulator
		{B415792B-B46D-4571-B311-4B63531EC2F5}.Ad-Hoc|iPhoneSimulator.Deploy.0 = Ad-Hoc|iPhoneSimulator
		{B415792B-B46D-4571-B311-4B63531EC2F5}.AppStore|Any CPU.ActiveCfg = AppStore|iPhone
		{B415792B-B46D-4571-B311-4B63531EC2F5}.AppStore|Any CPU.Build.0 = AppStore|iPhone
		{B415792B-B46D-4571-B311-4B63531EC2F5}.AppStore|Any CPU.Deploy.0 = AppStore|iPhone
		{B415792B-B46D-4571-B311-4B63531EC2F5}.AppStore|iPhone.ActiveCfg = AppStore|iPhone
		{B415792B-B46D-4571-B311-4B63531EC2F5}.AppStore|iPhone.Build.0 = AppStore|iPhone
		{B415792B-B46D-4571-B311-4B63531EC2F5}.AppStore|iPhone.Deploy.0 = AppStore|iPhone
		{B415792B-B46D-4571-B311-4B63531EC2F5}.AppStore|iPhoneSimulator.ActiveCfg = AppStore|iPhoneSimulator
		{B415792B-B46D-4571-B311-4B63531EC2F5}.AppStore|iPhoneSimulator.Build.0 = AppStore|iPhoneSimulator
		{B415792B-B46D-4571-B311-4B63531EC2F5}.AppStore|iPhoneSimulator.Deploy.0 = AppStore|iPhoneSimulator
		{B415792B-B46D-4571-B311-4B63531EC2F5}.Debug|Any CPU.ActiveCfg = Debug|iPhoneSimulator
		{B415792B-B46D-4571-B311-4B63531EC2F5}.Debug|Any CPU.Build.0 = Debug|iPhoneSimulator
		{B415792B-B46D-4571-B311-4B63531EC2F5}.Debug|Any CPU.Deploy.0 = Debug|iPhoneSimulator
		{B415792B-B46D-4571-B311-4B63531EC2F5}.Debug|iPhone.ActiveCfg = Debug|iPhone
		{B415792B-B46D-4571-B311-4B63531EC2F5}.Debug|iPhone.Build.0 = Debug|iPhone
		{B415792B-B46D-4571-B311-4B63531EC2F5}.Debug|iPhone.Deploy.0 = Debug|iPhone
		{B415792B-B46D-4571-B311-4B63531EC2F5}.Debug|iPhoneSimulator.ActiveCfg = Debug|iPhoneSimulator
		{B415792B-B46D-4571-B311-4B63531EC2F5}.Debug|iPhoneSimulator.Build.0 = Debug|iPhoneSimulator
		{B415792B-B46D-4571-B311-4B63531EC2F5}.Debug|iPhoneSimulator.Deploy.0 = Debug|iPhoneSimulator
		{B415792B-B46D-4571-B311-4B63531EC2F5}.Release|Any CPU.ActiveCfg = Release|iPhone
		{B415792B-B46D-4571-B311-4B63531EC2F5}.Release|Any CPU.Build.0 = Release|iPhone
		{B415792B-B46D-4571-B311-4B63531EC2F5}.Release|Any CPU.Deploy.0 = Release|iPhone
		{B415792B-B46D-4571-B311-4B63531EC2F5}.Release|iPhone.ActiveCfg = Release|iPhone
		{B415792B-B46D-4571-B311-4B63531EC2F5}.Release|iPhone.Build.0 = Release|iPhone
		{B415792B-B46D-4571-B311-4B63531EC2F5}.Release|iPhone.Deploy.0 = Release|iPhone
		{B415792B-B46D-4571-B311-4B63531EC2F5}.Release|iPhoneSimulator.ActiveCfg = Release|iPhoneSimulator
		{B415792B-B46D-4571-B311-4B63531EC2F5}.Release|iPhoneSimulator.Build.0 = Release|iPhoneSimulator
		{B415792B-B46D-4571-B311-4B63531EC2F5}.Release|iPhoneSimulator.Deploy.0 = Release|iPhoneSimulator
		{C5C4FB56-8130-449D-BDB7-51542500B314}.Ad-Hoc|Any CPU.ActiveCfg = Debug|Any CPU
		{C5C4FB56-8130-449D-BDB7-51542500B314}.Ad-Hoc|Any CPU.Build.0 = Debug|Any CPU
		{C5C4FB56-8130-449D-BDB7-51542500B314}.Ad-Hoc|Any CPU.Deploy.0 = Debug|Any CPU
		{C5C4FB56-8130-449D-BDB7-51542500B314}.Ad-Hoc|iPhone.ActiveCfg = Debug|Any CPU
		{C5C4FB56-8130-449D-BDB7-51542500B314}.Ad-Hoc|iPhone.Build.0 = Debug|Any CPU
		{C5C4FB56-8130-449D-BDB7-51542500B314}.Ad-Hoc|iPhone.Deploy.0 = Debug|Any CPU
		{C5C4FB56-8130-449D-BDB7-51542500B314}.Ad-Hoc|iPhoneSimulator.ActiveCfg = Debug|Any CPU
		{C5C4FB56-8130-449D-BDB7-51542500B314}.Ad-Hoc|iPhoneSimulator.Build.0 = Debug|Any CPU
		{C5C4FB56-8130-449D-BDB7-51542500B314}.Ad-Hoc|iPhoneSimulator.Deploy.0 = Debug|Any CPU
		{C5C4FB56-8130-449D-BDB7-51542500B314}.AppStore|Any CPU.ActiveCfg = Debug|Any CPU
		{C5C4FB56-8130-449D-BDB7-51542500B314}.AppStore|Any CPU.Build.0 = Debug|Any CPU
		{C5C4FB56-8130-449D-BDB7-51542500B314}.AppStore|Any CPU.Deploy.0 = Debug|Any CPU
		{C5C4FB56-8130-449D-BDB7-51542500B314}.AppStore|iPhone.ActiveCfg = Debug|Any CPU
		{C5C4FB56-8130-449D-BDB7-51542500B314}.AppStore|iPhone.Build.0 = Debug|Any CPU
		{C5C4FB56-8130-449D-BDB7-51542500B314}.AppStore|iPhone.Deploy.0 = Debug|Any CPU
		{C5C4FB56-8130-449D-BDB7-51542500B314}.AppStore|iPhoneSimulator.ActiveCfg = Debug|Any CPU
		{C5C4FB56-8130-449D-BDB7-51542500B314}.AppStore|iPhoneSimulator.Build.0 = Debug|Any CPU
		{C5C4FB56-8130-449D-BDB7-51542500B314}.AppStore|iPhoneSimulator.Deploy.0 = Debug|Any CPU
		{C5C4FB56-8130-449D-BDB7-51542500B314}.Debug|Any CPU.ActiveCfg = Debug|Any CPU
		{C5C4FB56-8130-449D-BDB7-51542500B314}.Debug|Any CPU.Build.0 = Debug|Any CPU
		{C5C4FB56-8130-449D-BDB7-51542500B314}.Debug|Any CPU.Deploy.0 = Debug|Any CPU
		{C5C4FB56-8130-449D-BDB7-51542500B314}.Debug|iPhone.ActiveCfg = Debug|Any CPU
		{C5C4FB56-8130-449D-BDB7-51542500B314}.Debug|iPhone.Build.0 = Debug|Any CPU
		{C5C4FB56-8130-449D-BDB7-51542500B314}.Debug|iPhone.Deploy.0 = Debug|Any CPU
		{C5C4FB56-8130-449D-BDB7-51542500B314}.Debug|iPhoneSimulator.ActiveCfg = Debug|Any CPU
		{C5C4FB56-8130-449D-BDB7-51542500B314}.Debug|iPhoneSimulator.Build.0 = Debug|Any CPU
		{C5C4FB56-8130-449D-BDB7-51542500B314}.Debug|iPhoneSimulator.Deploy.0 = Debug|Any CPU
		{C5C4FB56-8130-449D-BDB7-51542500B314}.Release|Any CPU.ActiveCfg = Release|Any CPU
		{C5C4FB56-8130-449D-BDB7-51542500B314}.Release|Any CPU.Build.0 = Release|Any CPU
		{C5C4FB56-8130-449D-BDB7-51542500B314}.Release|Any CPU.Deploy.0 = Release|Any CPU
		{C5C4FB56-8130-449D-BDB7-51542500B314}.Release|iPhone.ActiveCfg = Release|Any CPU
		{C5C4FB56-8130-449D-BDB7-51542500B314}.Release|iPhone.Build.0 = Release|Any CPU
		{C5C4FB56-8130-449D-BDB7-51542500B314}.Release|iPhone.Deploy.0 = Release|Any CPU
		{C5C4FB56-8130-449D-BDB7-51542500B314}.Release|iPhoneSimulator.ActiveCfg = Release|Any CPU
		{C5C4FB56-8130-449D-BDB7-51542500B314}.Release|iPhoneSimulator.Build.0 = Release|Any CPU
		{C5C4FB56-8130-449D-BDB7-51542500B314}.Release|iPhoneSimulator.Deploy.0 = Release|Any CPU
		{E0F538FB-54A6-442A-AB93-345B18D6D9A8}.Ad-Hoc|Any CPU.ActiveCfg = Release|Any CPU
		{E0F538FB-54A6-442A-AB93-345B18D6D9A8}.Ad-Hoc|Any CPU.Build.0 = Release|Any CPU
		{E0F538FB-54A6-442A-AB93-345B18D6D9A8}.Ad-Hoc|iPhone.ActiveCfg = Release|Any CPU
		{E0F538FB-54A6-442A-AB93-345B18D6D9A8}.Ad-Hoc|iPhone.Build.0 = Release|Any CPU
		{E0F538FB-54A6-442A-AB93-345B18D6D9A8}.Ad-Hoc|iPhoneSimulator.ActiveCfg = Release|Any CPU
		{E0F538FB-54A6-442A-AB93-345B18D6D9A8}.Ad-Hoc|iPhoneSimulator.Build.0 = Release|Any CPU
		{E0F538FB-54A6-442A-AB93-345B18D6D9A8}.AppStore|Any CPU.ActiveCfg = Release|Any CPU
		{E0F538FB-54A6-442A-AB93-345B18D6D9A8}.AppStore|Any CPU.Build.0 = Release|Any CPU
		{E0F538FB-54A6-442A-AB93-345B18D6D9A8}.AppStore|iPhone.ActiveCfg = Release|Any CPU
		{E0F538FB-54A6-442A-AB93-345B18D6D9A8}.AppStore|iPhone.Build.0 = Release|Any CPU
		{E0F538FB-54A6-442A-AB93-345B18D6D9A8}.AppStore|iPhoneSimulator.ActiveCfg = Release|Any CPU
		{E0F538FB-54A6-442A-AB93-345B18D6D9A8}.AppStore|iPhoneSimulator.Build.0 = Release|Any CPU
		{E0F538FB-54A6-442A-AB93-345B18D6D9A8}.Debug|Any CPU.ActiveCfg = Debug|Any CPU
		{E0F538FB-54A6-442A-AB93-345B18D6D9A8}.Debug|Any CPU.Build.0 = Debug|Any CPU
		{E0F538FB-54A6-442A-AB93-345B18D6D9A8}.Debug|iPhone.ActiveCfg = Debug|Any CPU
		{E0F538FB-54A6-442A-AB93-345B18D6D9A8}.Debug|iPhone.Build.0 = Debug|Any CPU
		{E0F538FB-54A6-442A-AB93-345B18D6D9A8}.Debug|iPhoneSimulator.ActiveCfg = Debug|Any CPU
		{E0F538FB-54A6-442A-AB93-345B18D6D9A8}.Debug|iPhoneSimulator.Build.0 = Debug|Any CPU
		{E0F538FB-54A6-442A-AB93-345B18D6D9A8}.Release|Any CPU.ActiveCfg = Release|Any CPU
		{E0F538FB-54A6-442A-AB93-345B18D6D9A8}.Release|Any CPU.Build.0 = Release|Any CPU
		{E0F538FB-54A6-442A-AB93-345B18D6D9A8}.Release|iPhone.ActiveCfg = Release|Any CPU
		{E0F538FB-54A6-442A-AB93-345B18D6D9A8}.Release|iPhone.Build.0 = Release|Any CPU
		{E0F538FB-54A6-442A-AB93-345B18D6D9A8}.Release|iPhoneSimulator.ActiveCfg = Release|Any CPU
		{E0F538FB-54A6-442A-AB93-345B18D6D9A8}.Release|iPhoneSimulator.Build.0 = Release|Any CPU
		{47F2C3E1-9403-45ED-AF48-07AFBD379046}.Ad-Hoc|Any CPU.ActiveCfg = Release|Any CPU
		{47F2C3E1-9403-45ED-AF48-07AFBD379046}.Ad-Hoc|Any CPU.Build.0 = Release|Any CPU
		{47F2C3E1-9403-45ED-AF48-07AFBD379046}.Ad-Hoc|iPhone.ActiveCfg = Release|Any CPU
		{47F2C3E1-9403-45ED-AF48-07AFBD379046}.Ad-Hoc|iPhone.Build.0 = Release|Any CPU
		{47F2C3E1-9403-45ED-AF48-07AFBD379046}.Ad-Hoc|iPhoneSimulator.ActiveCfg = Release|Any CPU
		{47F2C3E1-9403-45ED-AF48-07AFBD379046}.Ad-Hoc|iPhoneSimulator.Build.0 = Release|Any CPU
		{47F2C3E1-9403-45ED-AF48-07AFBD379046}.AppStore|Any CPU.ActiveCfg = Release|Any CPU
		{47F2C3E1-9403-45ED-AF48-07AFBD379046}.AppStore|Any CPU.Build.0 = Release|Any CPU
		{47F2C3E1-9403-45ED-AF48-07AFBD379046}.AppStore|iPhone.ActiveCfg = Release|Any CPU
		{47F2C3E1-9403-45ED-AF48-07AFBD379046}.AppStore|iPhone.Build.0 = Release|Any CPU
		{47F2C3E1-9403-45ED-AF48-07AFBD379046}.AppStore|iPhoneSimulator.ActiveCfg = Release|Any CPU
		{47F2C3E1-9403-45ED-AF48-07AFBD379046}.AppStore|iPhoneSimulator.Build.0 = Release|Any CPU
		{47F2C3E1-9403-45ED-AF48-07AFBD379046}.Debug|Any CPU.ActiveCfg = Debug|Any CPU
		{47F2C3E1-9403-45ED-AF48-07AFBD379046}.Debug|Any CPU.Build.0 = Debug|Any CPU
		{47F2C3E1-9403-45ED-AF48-07AFBD379046}.Debug|iPhone.ActiveCfg = Debug|Any CPU
		{47F2C3E1-9403-45ED-AF48-07AFBD379046}.Debug|iPhone.Build.0 = Debug|Any CPU
		{47F2C3E1-9403-45ED-AF48-07AFBD379046}.Debug|iPhoneSimulator.ActiveCfg = Debug|Any CPU
		{47F2C3E1-9403-45ED-AF48-07AFBD379046}.Debug|iPhoneSimulator.Build.0 = Debug|Any CPU
		{47F2C3E1-9403-45ED-AF48-07AFBD379046}.Release|Any CPU.ActiveCfg = Release|Any CPU
		{47F2C3E1-9403-45ED-AF48-07AFBD379046}.Release|Any CPU.Build.0 = Release|Any CPU
		{47F2C3E1-9403-45ED-AF48-07AFBD379046}.Release|iPhone.ActiveCfg = Release|Any CPU
		{47F2C3E1-9403-45ED-AF48-07AFBD379046}.Release|iPhone.Build.0 = Release|Any CPU
		{47F2C3E1-9403-45ED-AF48-07AFBD379046}.Release|iPhoneSimulator.ActiveCfg = Release|Any CPU
		{47F2C3E1-9403-45ED-AF48-07AFBD379046}.Release|iPhoneSimulator.Build.0 = Release|Any CPU
		{5EFC44E0-2C9D-4AC8-9912-E4A91B410E9D}.Ad-Hoc|Any CPU.ActiveCfg = Release|Any CPU
		{5EFC44E0-2C9D-4AC8-9912-E4A91B410E9D}.Ad-Hoc|Any CPU.Build.0 = Release|Any CPU
		{5EFC44E0-2C9D-4AC8-9912-E4A91B410E9D}.Ad-Hoc|iPhone.ActiveCfg = Release|Any CPU
		{5EFC44E0-2C9D-4AC8-9912-E4A91B410E9D}.Ad-Hoc|iPhone.Build.0 = Release|Any CPU
		{5EFC44E0-2C9D-4AC8-9912-E4A91B410E9D}.Ad-Hoc|iPhoneSimulator.ActiveCfg = Release|Any CPU
		{5EFC44E0-2C9D-4AC8-9912-E4A91B410E9D}.Ad-Hoc|iPhoneSimulator.Build.0 = Release|Any CPU
		{5EFC44E0-2C9D-4AC8-9912-E4A91B410E9D}.AppStore|Any CPU.ActiveCfg = Release|Any CPU
		{5EFC44E0-2C9D-4AC8-9912-E4A91B410E9D}.AppStore|Any CPU.Build.0 = Release|Any CPU
		{5EFC44E0-2C9D-4AC8-9912-E4A91B410E9D}.AppStore|iPhone.ActiveCfg = Release|Any CPU
		{5EFC44E0-2C9D-4AC8-9912-E4A91B410E9D}.AppStore|iPhone.Build.0 = Release|Any CPU
		{5EFC44E0-2C9D-4AC8-9912-E4A91B410E9D}.AppStore|iPhoneSimulator.ActiveCfg = Release|Any CPU
		{5EFC44E0-2C9D-4AC8-9912-E4A91B410E9D}.AppStore|iPhoneSimulator.Build.0 = Release|Any CPU
		{5EFC44E0-2C9D-4AC8-9912-E4A91B410E9D}.Debug|Any CPU.ActiveCfg = Debug|Any CPU
		{5EFC44E0-2C9D-4AC8-9912-E4A91B410E9D}.Debug|Any CPU.Build.0 = Debug|Any CPU
		{5EFC44E0-2C9D-4AC8-9912-E4A91B410E9D}.Debug|iPhone.ActiveCfg = Debug|Any CPU
		{5EFC44E0-2C9D-4AC8-9912-E4A91B410E9D}.Debug|iPhone.Build.0 = Debug|Any CPU
		{5EFC44E0-2C9D-4AC8-9912-E4A91B410E9D}.Debug|iPhoneSimulator.ActiveCfg = Debug|Any CPU
		{5EFC44E0-2C9D-4AC8-9912-E4A91B410E9D}.Debug|iPhoneSimulator.Build.0 = Debug|Any CPU
		{5EFC44E0-2C9D-4AC8-9912-E4A91B410E9D}.Release|Any CPU.ActiveCfg = Release|Any CPU
		{5EFC44E0-2C9D-4AC8-9912-E4A91B410E9D}.Release|Any CPU.Build.0 = Release|Any CPU
		{5EFC44E0-2C9D-4AC8-9912-E4A91B410E9D}.Release|iPhone.ActiveCfg = Release|Any CPU
		{5EFC44E0-2C9D-4AC8-9912-E4A91B410E9D}.Release|iPhone.Build.0 = Release|Any CPU
		{5EFC44E0-2C9D-4AC8-9912-E4A91B410E9D}.Release|iPhoneSimulator.ActiveCfg = Release|Any CPU
		{5EFC44E0-2C9D-4AC8-9912-E4A91B410E9D}.Release|iPhoneSimulator.Build.0 = Release|Any CPU
	EndGlobalSection
	GlobalSection(SolutionProperties) = preSolution
		HideSolutionNode = FALSE
	EndGlobalSection
	GlobalSection(ExtensibilityGlobals) = postSolution
		SolutionGuid = {CA22D960-C9DC-4DF6-8D5E-A2DC3167FE2D}
	EndGlobalSection
EndGlobal
